
Microsoft Visual Studio Solution File, Format Version 12.00
# Visual Studio Version 17
VisualStudioVersion = 17.5.33627.172
MinimumVisualStudioVersion = 10.0.40219.1
Project("{9A19103F-16F7-4668-BE54-9A1E7A4F7556}") = "BlazorCRUD.UI", "BlazorCRUD.UI\BlazorCRUD.UI.csproj", "{4AC349C8-1F33-4006-8028-808170B9A974}"
EndProject
Project("{9A19103F-16F7-4668-BE54-9A1E7A4F7556}") = "BlazorCRUD.Model", "BlazorCRUD.Model\BlazorCRUD.Model.csproj", "{BDAA18C4-D2FB-4139-99FD-808D97E96BD2}"
EndProject
Project("{9A19103F-16F7-4668-BE54-9A1E7A4F7556}") = "BlazorCRUD.Data", "BlazorCRUD.Data\BlazorCRUD.Data.csproj", "{350E1844-0C9D-477F-B4D3-1C3317E83564}"
EndProject
Global
	GlobalSection(SolutionConfigurationPlatforms) = preSolution
		Debug|Any CPU = Debug|Any CPU
		Release|Any CPU = Release|Any CPU
	EndGlobalSection
	GlobalSection(ProjectConfigurationPlatforms) = postSolution
		{4AC349C8-1F33-4006-8028-808170B9A974}.Debug|Any CPU.ActiveCfg = Debug|Any CPU
		{4AC349C8-1F33-4006-8028-808170B9A974}.Debug|Any CPU.Build.0 = Debug|Any CPU
		{4AC349C8-1F33-4006-8028-808170B9A974}.Release|Any CPU.ActiveCfg = Release|Any CPU
		{4AC349C8-1F33-4006-8028-808170B9A974}.Release|Any CPU.Build.0 = Release|Any CPU
		{BDAA18C4-D2FB-4139-99FD-808D97E96BD2}.Debug|Any CPU.ActiveCfg = Debug|Any CPU
		{BDAA18C4-D2FB-4139-99FD-808D97E96BD2}.Debug|Any CPU.Build.0 = Debug|Any CPU
		{BDAA18C4-D2FB-4139-99FD-808D97E96BD2}.Release|Any CPU.ActiveCfg = Release|Any CPU
		{BDAA18C4-D2FB-4139-99FD-808D97E96BD2}.Release|Any CPU.Build.0 = Release|Any CPU
		{350E1844-0C9D-477F-B4D3-1C3317E83564}.Debug|Any CPU.ActiveCfg = Debug|Any CPU
		{350E1844-0C9D-477F-B4D3-1C3317E83564}.Debug|Any CPU.Build.0 = Debug|Any CPU
		{350E1844-0C9D-477F-B4D3-1C3317E83564}.Release|Any CPU.ActiveCfg = Release|Any CPU
		{350E1844-0C9D-477F-B4D3-1C3317E83564}.Release|Any CPU.Build.0 = Release|Any CPU
	EndGlobalSection
	GlobalSection(SolutionProperties) = preSolution
		HideSolutionNode = FALSE
	EndGlobalSection
	GlobalSection(ExtensibilityGlobals) = postSolution
		SolutionGuid = {14F5E9D8-7FAF-4BA3-975F-BD70E4035D9A}
	EndGlobalSection
EndGlobal
